
Microsoft Visual Studio Solution File, Format Version 12.00
# Visual Studio 15
Project("{FAE04EC0-301F-11D3-BF4B-00C04F79EFBC}") = "Assembly-CSharp", "Assembly-CSharp.csproj", "{352B1CE9-ABF2-E619-7C34-D3ABA70056C7}"
EndProject
Project("{FAE04EC0-301F-11D3-BF4B-00C04F79EFBC}") = "Assembly-CSharp-Editor", "Assembly-CSharp-Editor.csproj", "{831D956E-02E2-6B0A-EB48-9B6A57564AB2}"
EndProject
Global
	GlobalSection(SolutionConfigurationPlatforms) = preSolution
		Debug|Any CPU = Debug|Any CPU
		Release|Any CPU = Release|Any CPU
	EndGlobalSection
	GlobalSection(ProjectConfigurationPlatforms) = postSolution
		{352B1CE9-ABF2-E619-7C34-D3ABA70056C7}.Debug|Any CPU.ActiveCfg = Debug|Any CPU
		{352B1CE9-ABF2-E619-7C34-D3ABA70056C7}.Debug|Any CPU.Build.0 = Debug|Any CPU
		{352B1CE9-ABF2-E619-7C34-D3ABA70056C7}.Release|Any CPU.ActiveCfg = Release|Any CPU
		{352B1CE9-ABF2-E619-7C34-D3ABA70056C7}.Release|Any CPU.Build.0 = Release|Any CPU
		{831D956E-02E2-6B0A-EB48-9B6A57564AB2}.Debug|Any CPU.ActiveCfg = Debug|Any CPU
		{831D956E-02E2-6B0A-EB48-9B6A57564AB2}.Debug|Any CPU.Build.0 = Debug|Any CPU
		{831D956E-02E2-6B0A-EB48-9B6A57564AB2}.Release|Any CPU.ActiveCfg = Release|Any CPU
		{831D956E-02E2-6B0A-EB48-9B6A57564AB2}.Release|Any CPU.Build.0 = Release|Any CPU
	EndGlobalSection
	GlobalSection(SolutionProperties) = preSolution
		HideSolutionNode = FALSE
	EndGlobalSection
EndGlobal
